
Microsoft Visual Studio Solution File, Format Version 12.00
# Visual Studio Version 17
VisualStudioVersion = 17.4.33205.214
MinimumVisualStudioVersion = 10.0.40219.1
Project("{FAE04EC0-301F-11D3-BF4B-00C04F79EFBC}") = "WebApi", "WebApi\WebApi.csproj", "{69FE400D-1B15-49C7-B2D6-2704F6ECA041}"
EndProject
Global
	GlobalSection(SolutionConfigurationPlatforms) = preSolution
		Debug|Any CPU = Debug|Any CPU
		Release|Any CPU = Release|Any CPU
	EndGlobalSection
	GlobalSection(ProjectConfigurationPlatforms) = postSolution
		{69FE400D-1B15-49C7-B2D6-2704F6ECA041}.Debug|Any CPU.ActiveCfg = Debug|Any CPU
		{69FE400D-1B15-49C7-B2D6-2704F6ECA041}.Debug|Any CPU.Build.0 = Debug|Any CPU
		{69FE400D-1B15-49C7-B2D6-2704F6ECA041}.Release|Any CPU.ActiveCfg = Release|Any CPU
		{69FE400D-1B15-49C7-B2D6-2704F6ECA041}.Release|Any CPU.Build.0 = Release|Any CPU
	EndGlobalSection
	GlobalSection(SolutionProperties) = preSolution
		HideSolutionNode = FALSE
	EndGlobalSection
	GlobalSection(ExtensibilityGlobals) = postSolution
		SolutionGuid = {C7F91856-3E00-4CCA-9368-BB8563BD99F6}
	EndGlobalSection
EndGlobal
